
Microsoft Visual Studio Solution File, Format Version 12.00
# Visual Studio Version 17
VisualStudioVersion = 17.14.36301.6 d17.14
MinimumVisualStudioVersion = 10.0.40219.1
Project("{FAE04EC0-301F-11D3-BF4B-00C04F79EFBC}") = "store-system-backend", "store-system-backend\store-system-backend.csproj", "{C06B0833-23C2-40B2-B2B4-9F032CB26E88}"
EndProject
Global
	GlobalSection(SolutionConfigurationPlatforms) = preSolution
		Debug|Any CPU = Debug|Any CPU
		Release|Any CPU = Release|Any CPU
	EndGlobalSection
	GlobalSection(ProjectConfigurationPlatforms) = postSolution
		{C06B0833-23C2-40B2-B2B4-9F032CB26E88}.Debug|Any CPU.ActiveCfg = Debug|Any CPU
		{C06B0833-23C2-40B2-B2B4-9F032CB26E88}.Debug|Any CPU.Build.0 = Debug|Any CPU
		{C06B0833-23C2-40B2-B2B4-9F032CB26E88}.Release|Any CPU.ActiveCfg = Release|Any CPU
		{C06B0833-23C2-40B2-B2B4-9F032CB26E88}.Release|Any CPU.Build.0 = Release|Any CPU
	EndGlobalSection
	GlobalSection(SolutionProperties) = preSolution
		HideSolutionNode = FALSE
	EndGlobalSection
	GlobalSection(ExtensibilityGlobals) = postSolution
		SolutionGuid = {65FD5ECA-544B-4434-90AF-57B13DE6148A}
	EndGlobalSection
EndGlobal
